
Microsoft Visual Studio Solution File, Format Version 12.00
# Visual Studio 14
VisualStudioVersion = 14.0.25123.0
MinimumVisualStudioVersion = 10.0.40219.1
Project("{FAE04EC0-301F-11D3-BF4B-00C04F79EFBC}") = "Lucasweb.WebApp", "Lucasweb\Lucasweb.WebApp.csproj", "{F5F7664B-081F-4A3C-A0E3-29A92EE005D4}"
EndProject
Project("{2150E333-8FDC-42A3-9474-1A3956D46DE8}") = "1.Client", "1.Client", "{3BFFFAFA-A499-4F58-AAF7-717488E28EAE}"
EndProject
Project("{2150E333-8FDC-42A3-9474-1A3956D46DE8}") = "2.Managers", "2.Managers", "{F57924E6-582C-4A4B-81AA-22BD5A4C6AFA}"
EndProject
Project("{2150E333-8FDC-42A3-9474-1A3956D46DE8}") = "3.Engines", "3.Engines", "{7AFFCE2C-A88C-4511-B755-401263CCFF51}"
EndProject
Project("{FAE04EC0-301F-11D3-BF4B-00C04F79EFBC}") = "Lucasweb.Engines", "Lucasweb.Engines\Lucasweb.Engines.csproj", "{1F26ABCE-2AAF-4E93-8EB7-D153126181C4}"
EndProject
Project("{2150E333-8FDC-42A3-9474-1A3956D46DE8}") = "4.Accessors", "4.Accessors", "{6037FB2F-8AF3-46A4-B690-7C2F0D1AC969}"
EndProject
Project("{FAE04EC0-301F-11D3-BF4B-00C04F79EFBC}") = "Lucasweb.DatabaseAccessors", "Lucasweb.DatabaseAccessors\Lucasweb.DatabaseAccessors.csproj", "{7DCC9F74-D314-46A6-A076-CA3C1C19FEBB}"
EndProject
Project("{2150E333-8FDC-42A3-9474-1A3956D46DE8}") = "5.Shared", "5.Shared", "{09462397-B56B-4626-A722-54D1BBFBC159}"
EndProject
Project("{FAE04EC0-301F-11D3-BF4B-00C04F79EFBC}") = "Lucasweb.Utilities", "Lucasweb.Utilities\Lucasweb.Utilities.csproj", "{F7C0B0B7-753E-45C4-B356-ECE41F1E035E}"
EndProject
Project("{FAE04EC0-301F-11D3-BF4B-00C04F79EFBC}") = "Lucasweb.Contracts", "Lucasweb.Contracts\Lucasweb.Contracts.csproj", "{B3833647-5752-42B8-B9A9-7AC4E838B9F4}"
EndProject
Project("{FAE04EC0-301F-11D3-BF4B-00C04F79EFBC}") = "Lucasweb.DataContracts", "Lucasweb.DataContracts\Lucasweb.DataContracts.csproj", "{423CE42A-7E5E-44AD-9A9D-0949B91A6710}"
EndProject
Project("{FAE04EC0-301F-11D3-BF4B-00C04F79EFBC}") = "Lucasweb.Managers", "Lucasweb.Managers\Lucasweb.Managers.csproj", "{09250075-A965-4469-8648-D3818F03CF11}"
EndProject
Project("{2150E333-8FDC-42A3-9474-1A3956D46DE8}") = "6. Databases", "6. Databases", "{61CA76D2-ABC4-4AA9-834F-C3681F92EFE2}"
EndProject
Project("{00D1A9C2-B5F0-4AF3-8072-F6C62B433612}") = "LucaswebContext", "LucaswebContext\LucaswebContext.sqlproj", "{F2D3B671-CD9B-4AF2-99B5-DC11F92C2FE0}"
EndProject
Project("{FAE04EC0-301F-11D3-BF4B-00C04F79EFBC}") = "Lucasweb.Shared.Resources", "Lucasweb.Shared.Resources\Lucasweb.Shared.Resources.csproj", "{A3E485D6-20F0-41CC-B2CC-CEFFA6132913}"
EndProject
Global
	GlobalSection(SolutionConfigurationPlatforms) = preSolution
		Debug|Any CPU = Debug|Any CPU
		Release|Any CPU = Release|Any CPU
	EndGlobalSection
	GlobalSection(ProjectConfigurationPlatforms) = postSolution
		{F5F7664B-081F-4A3C-A0E3-29A92EE005D4}.Debug|Any CPU.ActiveCfg = Debug|Any CPU
		{F5F7664B-081F-4A3C-A0E3-29A92EE005D4}.Debug|Any CPU.Build.0 = Debug|Any CPU
		{F5F7664B-081F-4A3C-A0E3-29A92EE005D4}.Release|Any CPU.ActiveCfg = Release|Any CPU
		{F5F7664B-081F-4A3C-A0E3-29A92EE005D4}.Release|Any CPU.Build.0 = Release|Any CPU
		{1F26ABCE-2AAF-4E93-8EB7-D153126181C4}.Debug|Any CPU.ActiveCfg = Debug|Any CPU
		{1F26ABCE-2AAF-4E93-8EB7-D153126181C4}.Debug|Any CPU.Build.0 = Debug|Any CPU
		{1F26ABCE-2AAF-4E93-8EB7-D153126181C4}.Release|Any CPU.ActiveCfg = Release|Any CPU
		{1F26ABCE-2AAF-4E93-8EB7-D153126181C4}.Release|Any CPU.Build.0 = Release|Any CPU
		{7DCC9F74-D314-46A6-A076-CA3C1C19FEBB}.Debug|Any CPU.ActiveCfg = Debug|Any CPU
		{7DCC9F74-D314-46A6-A076-CA3C1C19FEBB}.Debug|Any CPU.Build.0 = Debug|Any CPU
		{7DCC9F74-D314-46A6-A076-CA3C1C19FEBB}.Release|Any CPU.ActiveCfg = Release|Any CPU
		{7DCC9F74-D314-46A6-A076-CA3C1C19FEBB}.Release|Any CPU.Build.0 = Release|Any CPU
		{F7C0B0B7-753E-45C4-B356-ECE41F1E035E}.Debug|Any CPU.ActiveCfg = Debug|Any CPU
		{F7C0B0B7-753E-45C4-B356-ECE41F1E035E}.Debug|Any CPU.Build.0 = Debug|Any CPU
		{F7C0B0B7-753E-45C4-B356-ECE41F1E035E}.Release|Any CPU.ActiveCfg = Release|Any CPU
		{F7C0B0B7-753E-45C4-B356-ECE41F1E035E}.Release|Any CPU.Build.0 = Release|Any CPU
		{B3833647-5752-42B8-B9A9-7AC4E838B9F4}.Debug|Any CPU.ActiveCfg = Debug|Any CPU
		{B3833647-5752-42B8-B9A9-7AC4E838B9F4}.Debug|Any CPU.Build.0 = Debug|Any CPU
		{B3833647-5752-42B8-B9A9-7AC4E838B9F4}.Release|Any CPU.ActiveCfg = Release|Any CPU
		{B3833647-5752-42B8-B9A9-7AC4E838B9F4}.Release|Any CPU.Build.0 = Release|Any CPU
		{423CE42A-7E5E-44AD-9A9D-0949B91A6710}.Debug|Any CPU.ActiveCfg = Debug|Any CPU
		{423CE42A-7E5E-44AD-9A9D-0949B91A6710}.Debug|Any CPU.Build.0 = Debug|Any CPU
		{423CE42A-7E5E-44AD-9A9D-0949B91A6710}.Release|Any CPU.ActiveCfg = Release|Any CPU
		{423CE42A-7E5E-44AD-9A9D-0949B91A6710}.Release|Any CPU.Build.0 = Release|Any CPU
		{09250075-A965-4469-8648-D3818F03CF11}.Debug|Any CPU.ActiveCfg = Debug|Any CPU
		{09250075-A965-4469-8648-D3818F03CF11}.Debug|Any CPU.Build.0 = Debug|Any CPU
		{09250075-A965-4469-8648-D3818F03CF11}.Release|Any CPU.ActiveCfg = Release|Any CPU
		{09250075-A965-4469-8648-D3818F03CF11}.Release|Any CPU.Build.0 = Release|Any CPU
		{F2D3B671-CD9B-4AF2-99B5-DC11F92C2FE0}.Debug|Any CPU.ActiveCfg = Debug|Any CPU
		{F2D3B671-CD9B-4AF2-99B5-DC11F92C2FE0}.Debug|Any CPU.Build.0 = Debug|Any CPU
		{F2D3B671-CD9B-4AF2-99B5-DC11F92C2FE0}.Debug|Any CPU.Deploy.0 = Debug|Any CPU
		{F2D3B671-CD9B-4AF2-99B5-DC11F92C2FE0}.Release|Any CPU.ActiveCfg = Release|Any CPU
		{F2D3B671-CD9B-4AF2-99B5-DC11F92C2FE0}.Release|Any CPU.Build.0 = Release|Any CPU
		{F2D3B671-CD9B-4AF2-99B5-DC11F92C2FE0}.Release|Any CPU.Deploy.0 = Release|Any CPU
		{A3E485D6-20F0-41CC-B2CC-CEFFA6132913}.Debug|Any CPU.ActiveCfg = Debug|Any CPU
		{A3E485D6-20F0-41CC-B2CC-CEFFA6132913}.Debug|Any CPU.Build.0 = Debug|Any CPU
		{A3E485D6-20F0-41CC-B2CC-CEFFA6132913}.Release|Any CPU.ActiveCfg = Release|Any CPU
		{A3E485D6-20F0-41CC-B2CC-CEFFA6132913}.Release|Any CPU.Build.0 = Release|Any CPU
	EndGlobalSection
	GlobalSection(SolutionProperties) = preSolution
		HideSolutionNode = FALSE
	EndGlobalSection
	GlobalSection(NestedProjects) = preSolution
		{F5F7664B-081F-4A3C-A0E3-29A92EE005D4} = {3BFFFAFA-A499-4F58-AAF7-717488E28EAE}
		{1F26ABCE-2AAF-4E93-8EB7-D153126181C4} = {7AFFCE2C-A88C-4511-B755-401263CCFF51}
		{7DCC9F74-D314-46A6-A076-CA3C1C19FEBB} = {6037FB2F-8AF3-46A4-B690-7C2F0D1AC969}
		{F7C0B0B7-753E-45C4-B356-ECE41F1E035E} = {09462397-B56B-4626-A722-54D1BBFBC159}
		{B3833647-5752-42B8-B9A9-7AC4E838B9F4} = {09462397-B56B-4626-A722-54D1BBFBC159}
		{423CE42A-7E5E-44AD-9A9D-0949B91A6710} = {09462397-B56B-4626-A722-54D1BBFBC159}
		{09250075-A965-4469-8648-D3818F03CF11} = {F57924E6-582C-4A4B-81AA-22BD5A4C6AFA}
		{F2D3B671-CD9B-4AF2-99B5-DC11F92C2FE0} = {61CA76D2-ABC4-4AA9-834F-C3681F92EFE2}
		{A3E485D6-20F0-41CC-B2CC-CEFFA6132913} = {09462397-B56B-4626-A722-54D1BBFBC159}
	EndGlobalSection
EndGlobal
